
Microsoft Visual Studio Solution File, Format Version 12.00
# Visual Studio Version 17
VisualStudioVersion = 17.11.35222.181
MinimumVisualStudioVersion = 10.0.40219.1
Project("{FAE04EC0-301F-11D3-BF4B-00C04F79EFBC}") = "Wlanevemanalyzer", "Wlanevemanalyzer.csproj", "{B59DF230-56EB-424E-903B-D561FD61AA4D}"
EndProject
Global
	GlobalSection(SolutionConfigurationPlatforms) = preSolution
		Debug|Any CPU = Debug|Any CPU
		Release|Any CPU = Release|Any CPU
	EndGlobalSection
	GlobalSection(ProjectConfigurationPlatforms) = postSolution
		{B59DF230-56EB-424E-903B-D561FD61AA4D}.Debug|Any CPU.ActiveCfg = Debug|Any CPU
		{B59DF230-56EB-424E-903B-D561FD61AA4D}.Debug|Any CPU.Build.0 = Debug|Any CPU
		{B59DF230-56EB-424E-903B-D561FD61AA4D}.Release|Any CPU.ActiveCfg = Release|Any CPU
		{B59DF230-56EB-424E-903B-D561FD61AA4D}.Release|Any CPU.Build.0 = Release|Any CPU
	EndGlobalSection
	GlobalSection(SolutionProperties) = preSolution
		HideSolutionNode = FALSE
	EndGlobalSection
	GlobalSection(ExtensibilityGlobals) = postSolution
		SolutionGuid = {3EACDAC9-9D44-42AB-8DDA-A570719E9850}
	EndGlobalSection
EndGlobal
